
Microsoft Visual Studio Solution File, Format Version 12.00
# Visual Studio Version 17
VisualStudioVersion = 17.9.34607.119
MinimumVisualStudioVersion = 10.0.40219.1
Project("{FAE04EC0-301F-11D3-BF4B-00C04F79EFBC}") = "Project-4", "Project-4.csproj", "{0420B6D2-5D60-42C3-BEB4-65F352DB089D}"
EndProject
Global
	GlobalSection(SolutionConfigurationPlatforms) = preSolution
		Debug|Any CPU = Debug|Any CPU
		Release|Any CPU = Release|Any CPU
	EndGlobalSection
	GlobalSection(ProjectConfigurationPlatforms) = postSolution
		{0420B6D2-5D60-42C3-BEB4-65F352DB089D}.Debug|Any CPU.ActiveCfg = Debug|Any CPU
		{0420B6D2-5D60-42C3-BEB4-65F352DB089D}.Debug|Any CPU.Build.0 = Debug|Any CPU
		{0420B6D2-5D60-42C3-BEB4-65F352DB089D}.Release|Any CPU.ActiveCfg = Release|Any CPU
		{0420B6D2-5D60-42C3-BEB4-65F352DB089D}.Release|Any CPU.Build.0 = Release|Any CPU
	EndGlobalSection
	GlobalSection(SolutionProperties) = preSolution
		HideSolutionNode = FALSE
	EndGlobalSection
	GlobalSection(ExtensibilityGlobals) = postSolution
		SolutionGuid = {2D4D13F7-EF90-4DF3-93D5-067ADCEA34EC}
	EndGlobalSection
EndGlobal
